// !$*UTF8*$!
{
	archiveVersion = 1;
	classes = {
	};
	objectVersion = 50;
	objects = {

/* Begin PBXBuildFile section */
		626A629120C7598200B92DE9 /* AppDelegate.swift in Sources */ = {isa = PBXBuildFile; fileRef = 626A629020C7598200B92DE9 /* AppDelegate.swift */; };
		626A629320C7598200B92DE9 /* ViewController.swift in Sources */ = {isa = PBXBuildFile; fileRef = 626A629220C7598200B92DE9 /* ViewController.swift */; };
		626A629620C7598200B92DE9 /* Main.storyboard in Resources */ = {isa = PBXBuildFile; fileRef = 626A629420C7598200B92DE9 /* Main.storyboard */; };
		626A629820C7598400B92DE9 /* Assets.xcassets in Resources */ = {isa = PBXBuildFile; fileRef = 626A629720C7598400B92DE9 /* Assets.xcassets */; };
		626A629B20C7598400B92DE9 /* LaunchScreen.storyboard in Resources */ = {isa = PBXBuildFile; fileRef = 626A629920C7598400B92DE9 /* LaunchScreen.storyboard */; };
		626A62A620C7598400B92DE9 /* AquaTests.swift in Sources */ = {isa = PBXBuildFile; fileRef = 626A62A520C7598400B92DE9 /* AquaTests.swift */; };
		626A62B120C7598400B92DE9 /* AquaUITests.swift in Sources */ = {isa = PBXBuildFile; fileRef = 626A62B020C7598400B92DE9 /* AquaUITests.swift */; };
		626A62BF20C7637E00B92DE9 /* WaterViewController.swift in Sources */ = {isa = PBXBuildFile; fileRef = 626A62BE20C7637E00B92DE9 /* WaterViewController.swift */; };
		626A62C120C99A7C00B92DE9 /* Water.swift in Sources */ = {isa = PBXBuildFile; fileRef = 626A62C020C99A7C00B92DE9 /* Water.swift */; };
		626A62C320C9CB7300B92DE9 /* 1.png in Resources */ = {isa = PBXBuildFile; fileRef = 626A62C220C9CB7300B92DE9 /* 1.png */; };
		626A62C520C9E31900B92DE9 /* myCell.swift in Sources */ = {isa = PBXBuildFile; fileRef = 626A62C420C9E31900B92DE9 /* myCell.swift */; };
		62A471D920D6CC970044DDF9 /* glass.png in Resources */ = {isa = PBXBuildFile; fileRef = 62A471D820D6CC960044DDF9 /* glass.png */; };
		62A471DD20D6D9750044DDF9 /* HealthKit.framework in Frameworks */ = {isa = PBXBuildFile; fileRef = 62A471DC20D6D9750044DDF9 /* HealthKit.framework */; };
/* End PBXBuildFile section */

/* Begin PBXContainerItemProxy section */
		626A62A220C7598400B92DE9 /* PBXContainerItemProxy */ = {
			isa = PBXContainerItemProxy;
			containerPortal = 626A628520C7598200B92DE9 /* Project object */;
			proxyType = 1;
			remoteGlobalIDString = 626A628C20C7598200B92DE9;
			remoteInfo = Aqua;
		};
		626A62AD20C7598400B92DE9 /* PBXContainerItemProxy */ = {
			isa = PBXContainerItemProxy;
			containerPortal = 626A628520C7598200B92DE9 /* Project object */;
			proxyType = 1;
			remoteGlobalIDString = 626A628C20C7598200B92DE9;
			remoteInfo = Aqua;
		};
/* End PBXContainerItemProxy section */

/* Begin PBXFileReference section */
		626A628D20C7598200B92DE9 /* Aqua.app */ = {isa = PBXFileReference; explicitFileType = wrapper.application; includeInIndex = 0; path = Aqua.app; sourceTree = BUILT_PRODUCTS_DIR; };
		626A629020C7598200B92DE9 /* AppDelegate.swift */ = {isa = PBXFileReference; lastKnownFileType = sourcecode.swift; path = AppDelegate.swift; sourceTree = "<group>"; };
		626A629220C7598200B92DE9 /* ViewController.swift */ = {isa = PBXFileReference; lastKnownFileType = sourcecode.swift; path = ViewController.swift; sourceTree = "<group>"; };
		626A629520C7598200B92DE9 /* Base */ = {isa = PBXFileReference; lastKnownFileType = file.storyboard; name = Base; path = Base.lproj/Main.storyboard; sourceTree = "<group>"; };
		626A629720C7598400B92DE9 /* Assets.xcassets */ = {isa = PBXFileReference; lastKnownFileType = folder.assetcatalog; path = Assets.xcassets; sourceTree = "<group>"; };
		626A629A20C7598400B92DE9 /* Base */ = {isa = PBXFileReference; lastKnownFileType = file.storyboard; name = Base; path = Base.lproj/LaunchScreen.storyboard; sourceTree = "<group>"; };
		626A629C20C7598400B92DE9 /* Info.plist */ = {isa = PBXFileReference; lastKnownFileType = text.plist.xml; path = Info.plist; sourceTree = "<group>"; };
		626A62A120C7598400B92DE9 /* AquaTests.xctest */ = {isa = PBXFileReference; explicitFileType = wrapper.cfbundle; includeInIndex = 0; path = AquaTests.xctest; sourceTree = BUILT_PRODUCTS_DIR; };
		626A62A520C7598400B92DE9 /* AquaTests.swift */ = {isa = PBXFileReference; lastKnownFileType = sourcecode.swift; path = AquaTests.swift; sourceTree = "<group>"; };
		626A62A720C7598400B92DE9 /* Info.plist */ = {isa = PBXFileReference; lastKnownFileType = text.plist.xml; path = Info.plist; sourceTree = "<group>"; };
		626A62AC20C7598400B92DE9 /* AquaUITests.xctest */ = {isa = PBXFileReference; explicitFileType = wrapper.cfbundle; includeInIndex = 0; path = AquaUITests.xctest; sourceTree = BUILT_PRODUCTS_DIR; };
		626A62B020C7598400B92DE9 /* AquaUITests.swift */ = {isa = PBXFileReference; lastKnownFileType = sourcecode.swift; path = AquaUITests.swift; sourceTree = "<group>"; };
		626A62B220C7598400B92DE9 /* Info.plist */ = {isa = PBXFileReference; lastKnownFileType = text.plist.xml; path = Info.plist; sourceTree = "<group>"; };
		626A62BE20C7637E00B92DE9 /* WaterViewController.swift */ = {isa = PBXFileReference; lastKnownFileType = sourcecode.swift; path = WaterViewController.swift; sourceTree = "<group>"; };
		626A62C020C99A7C00B92DE9 /* Water.swift */ = {isa = PBXFileReference; lastKnownFileType = sourcecode.swift; path = Water.swift; sourceTree = "<group>"; };
		626A62C220C9CB7300B92DE9 /* 1.png */ = {isa = PBXFileReference; lastKnownFileType = image.png; name = 1.png; path = ../../../Downloads/1.png; sourceTree = "<group>"; };
		626A62C420C9E31900B92DE9 /* myCell.swift */ = {isa = PBXFileReference; lastKnownFileType = sourcecode.swift; path = myCell.swift; sourceTree = "<group>"; };
		62A471D820D6CC960044DDF9 /* glass.png */ = {isa = PBXFileReference; lastKnownFileType = image.png; name = glass.png; path = ../../../Downloads/glass.png; sourceTree = "<group>"; };
		62A471DA20D6D9750044DDF9 /* Aqua.entitlements */ = {isa = PBXFileReference; lastKnownFileType = text.plist.entitlements; path = Aqua.entitlements; sourceTree = "<group>"; };
		62A471DC20D6D9750044DDF9 /* HealthKit.framework */ = {isa = PBXFileReference; lastKnownFileType = wrapper.framework; name = HealthKit.framework; path = System/Library/Frameworks/HealthKit.framework; sourceTree = SDKROOT; };
/* End PBXFileReference section */

/* Begin PBXFrameworksBuildPhase section */
		626A628A20C7598200B92DE9 /* Frameworks */ = {
			isa = PBXFrameworksBuildPhase;
			buildActionMask = 2147483647;
			files = (
				62A471DD20D6D9750044DDF9 /* HealthKit.framework in Frameworks */,
			);
			runOnlyForDeploymentPostprocessing = 0;
		};
		626A629E20C7598400B92DE9 /* Frameworks */ = {
			isa = PBXFrameworksBuildPhase;
			buildActionMask = 2147483647;
			files = (
			);
			runOnlyForDeploymentPostprocessing = 0;
		};
		626A62A920C7598400B92DE9 /* Frameworks */ = {
			isa = PBXFrameworksBuildPhase;
			buildActionMask = 2147483647;
			files = (
			);
			runOnlyForDeploymentPostprocessing = 0;
		};
/* End PBXFrameworksBuildPhase section */

/* Begin PBXGroup section */
		626A628420C7598200B92DE9 = {
			isa = PBXGroup;
			children = (
				626A628F20C7598200B92DE9 /* Aqua */,
				626A62A420C7598400B92DE9 /* AquaTests */,
				626A62AF20C7598400B92DE9 /* AquaUITests */,
				626A628E20C7598200B92DE9 /* Products */,
				626A62C220C9CB7300B92DE9 /* 1.png */,
				62A471D820D6CC960044DDF9 /* glass.png */,
				62A471DB20D6D9750044DDF9 /* Frameworks */,
			);
			sourceTree = "<group>";
		};
		626A628E20C7598200B92DE9 /* Products */ = {
			isa = PBXGroup;
			children = (
				626A628D20C7598200B92DE9 /* Aqua.app */,
				626A62A120C7598400B92DE9 /* AquaTests.xctest */,
				626A62AC20C7598400B92DE9 /* AquaUITests.xctest */,
			);
			name = Products;
			sourceTree = "<group>";
		};
		626A628F20C7598200B92DE9 /* Aqua */ = {
			isa = PBXGroup;
			children = (
				62A471DA20D6D9750044DDF9 /* Aqua.entitlements */,
				626A629020C7598200B92DE9 /* AppDelegate.swift */,
				626A629220C7598200B92DE9 /* ViewController.swift */,
				626A629420C7598200B92DE9 /* Main.storyboard */,
				626A62C420C9E31900B92DE9 /* myCell.swift */,
				626A629720C7598400B92DE9 /* Assets.xcassets */,
				626A629920C7598400B92DE9 /* LaunchScreen.storyboard */,
				626A629C20C7598400B92DE9 /* Info.plist */,
				626A62BE20C7637E00B92DE9 /* WaterViewController.swift */,
				626A62C020C99A7C00B92DE9 /* Water.swift */,
			);
			path = Aqua;
			sourceTree = "<group>";
		};
		626A62A420C7598400B92DE9 /* AquaTests */ = {
			isa = PBXGroup;
			children = (
				626A62A520C7598400B92DE9 /* AquaTests.swift */,
				626A62A720C7598400B92DE9 /* Info.plist */,
			);
			path = AquaTests;
			sourceTree = "<group>";
		};
		626A62AF20C7598400B92DE9 /* AquaUITests */ = {
			isa = PBXGroup;
			children = (
				626A62B020C7598400B92DE9 /* AquaUITests.swift */,
				626A62B220C7598400B92DE9 /* Info.plist */,
			);
			path = AquaUITests;
			sourceTree = "<group>";
		};
		62A471DB20D6D9750044DDF9 /* Frameworks */ = {
			isa = PBXGroup;
			children = (
				62A471DC20D6D9750044DDF9 /* HealthKit.framework */,
			);
			name = Frameworks;
			sourceTree = "<group>";
		};
/* End PBXGroup section */

/* Begin PBXNativeTarget section */
		626A628C20C7598200B92DE9 /* Aqua */ = {
			isa = PBXNativeTarget;
			buildConfigurationList = 626A62B520C7598400B92DE9 /* Build configuration list for PBXNativeTarget "Aqua" */;
			buildPhases = (
				626A628920C7598200B92DE9 /* Sources */,
				626A628A20C7598200B92DE9 /* Frameworks */,
				626A628B20C7598200B92DE9 /* Resources */,
			);
			buildRules = (
			);
			dependencies = (
			);
			name = Aqua;
			productName = Aqua;
			productReference = 626A628D20C7598200B92DE9 /* Aqua.app */;
			productType = "com.apple.product-type.application";
		};
		626A62A020C7598400B92DE9 /* AquaTests */ = {
			isa = PBXNativeTarget;
			buildConfigurationList = 626A62B820C7598400B92DE9 /* Build configuration list for PBXNativeTarget "AquaTests" */;
			buildPhases = (
				626A629D20C7598400B92DE9 /* Sources */,
				626A629E20C7598400B92DE9 /* Frameworks */,
				626A629F20C7598400B92DE9 /* Resources */,
			);
			buildRules = (
			);
			dependencies = (
				626A62A320C7598400B92DE9 /* PBXTargetDependency */,
			);
			name = AquaTests;
			productName = AquaTests;
			productReference = 626A62A120C7598400B92DE9 /* AquaTests.xctest */;
			productType = "com.apple.product-type.bundle.unit-test";
		};
		626A62AB20C7598400B92DE9 /* AquaUITests */ = {
			isa = PBXNativeTarget;
			buildConfigurationList = 626A62BB20C7598400B92DE9 /* Build configuration list for PBXNativeTarget "AquaUITests" */;
			buildPhases = (
				626A62A820C7598400B92DE9 /* Sources */,
				626A62A920C7598400B92DE9 /* Frameworks */,
				626A62AA20C7598400B92DE9 /* Resources */,
			);
			buildRules = (
			);
			dependencies = (
				626A62AE20C7598400B92DE9 /* PBXTargetDependency */,
			);
			name = AquaUITests;
			productName = AquaUITests;
			productReference = 626A62AC20C7598400B92DE9 /* AquaUITests.xctest */;
			productType = "com.apple.product-type.bundle.ui-testing";
		};
/* End PBXNativeTarget section */

/* Begin PBXProject section */
		626A628520C7598200B92DE9 /* Project object */ = {
			isa = PBXProject;
			attributes = {
				LastSwiftUpdateCheck = 0940;
				LastUpgradeCheck = 0940;
				ORGANIZATIONNAME = "Rasesh Ramanuj";
				TargetAttributes = {
					626A628C20C7598200B92DE9 = {
						CreatedOnToolsVersion = 9.4;
						SystemCapabilities = {
							com.apple.HealthKit = {
								enabled = 1;
							};
						};
					};
					626A62A020C7598400B92DE9 = {
						CreatedOnToolsVersion = 9.4;
						TestTargetID = 626A628C20C7598200B92DE9;
					};
					626A62AB20C7598400B92DE9 = {
						CreatedOnToolsVersion = 9.4;
						TestTargetID = 626A628C20C7598200B92DE9;
					};
				};
			};
			buildConfigurationList = 626A628820C7598200B92DE9 /* Build configuration list for PBXProject "Aqua" */;
			compatibilityVersion = "Xcode 9.3";
			developmentRegion = en;
			hasScannedForEncodings = 0;
			knownRegions = (
				en,
				Base,
			);
			mainGroup = 626A628420C7598200B92DE9;
			productRefGroup = 626A628E20C7598200B92DE9 /* Products */;
			projectDirPath = "";
			projectRoot = "";
			targets = (
				626A628C20C7598200B92DE9 /* Aqua */,
				626A62A020C7598400B92DE9 /* AquaTests */,
				626A62AB20C7598400B92DE9 /* AquaUITests */,
			);
		};
/* End PBXProject section */

/* Begin PBXResourcesBuildPhase section */
		626A628B20C7598200B92DE9 /* Resources */ = {
			isa = PBXResourcesBuildPhase;
			buildActionMask = 2147483647;
			files = (
				626A629B20C7598400B92DE9 /* LaunchScreen.storyboard in Resources */,
				626A629820C7598400B92DE9 /* Assets.xcassets in Resources */,
				62A471D920D6CC970044DDF9 /* glass.png in Resources */,
				626A629620C7598200B92DE9 /* Main.storyboard in Resources */,
				626A62C320C9CB7300B92DE9 /* 1.png in Resources */,
			);
			runOnlyForDeploymentPostprocessing = 0;
		};
		626A629F20C7598400B92DE9 /* Resources */ = {
			isa = PBXResourcesBuildPhase;
			buildActionMask = 2147483647;
			files = (
			);
			runOnlyForDeploymentPostprocessing = 0;
		};
		626A62AA20C7598400B92DE9 /* Resources */ = {
			isa = PBXResourcesBuildPhase;
			buildActionMask = 2147483647;
			files = (
			);
			runOnlyForDeploymentPostprocessing = 0;
		};
/* End PBXResourcesBuildPhase section */

/* Begin PBXSourcesBuildPhase section */
		626A628920C7598200B92DE9 /* Sources */ = {
			isa = PBXSourcesBuildPhase;
			buildActionMask = 2147483647;
			files = (
				626A629320C7598200B92DE9 /* ViewController.swift in Sources */,
				626A62C120C99A7C00B92DE9 /* Water.swift in Sources */,
				626A62C520C9E31900B92DE9 /* myCell.swift in Sources */,
				626A629120C7598200B92DE9 /* AppDelegate.swift in Sources */,
				626A62BF20C7637E00B92DE9 /* WaterViewController.swift in Sources */,
			);
			runOnlyForDeploymentPostprocessing = 0;
		};
		626A629D20C7598400B92DE9 /* Sources */ = {
			isa = PBXSourcesBuildPhase;
			buildActionMask = 2147483647;
			files = (
				626A62A620C7598400B92DE9 /* AquaTests.swift in Sources */,
			);
			runOnlyForDeploymentPostprocessing = 0;
		};
		626A62A820C7598400B92DE9 /* Sources */ = {
			isa = PBXSourcesBuildPhase;
			buildActionMask = 2147483647;
			files = (
				626A62B120C7598400B92DE9 /* AquaUITests.swift in Sources */,
			);
			runOnlyForDeploymentPostprocessing = 0;
		};
/* End PBXSourcesBuildPhase section */

/* Begin PBXTargetDependency section */
		626A62A320C7598400B92DE9 /* PBXTargetDependency */ = {
			isa = PBXTargetDependency;
			target = 626A628C20C7598200B92DE9 /* Aqua */;
			targetProxy = 626A62A220C7598400B92DE9 /* PBXContainerItemProxy */;
		};
		626A62AE20C7598400B92DE9 /* PBXTargetDependency */ = {
			isa = PBXTargetDependency;
			target = 626A628C20C7598200B92DE9 /* Aqua */;
			targetProxy = 626A62AD20C7598400B92DE9 /* PBXContainerItemProxy */;
		};
/* End PBXTargetDependency section */

/* Begin PBXVariantGroup section */
		626A629420C7598200B92DE9 /* Main.storyboard */ = {
			isa = PBXVariantGroup;
			children = (
				626A629520C7598200B92DE9 /* Base */,
			);
			name = Main.storyboard;
			sourceTree = "<group>";
		};
		626A629920C7598400B92DE9 /* LaunchScreen.storyboard */ = {
			isa = PBXVariantGroup;
			children = (
				626A629A20C7598400B92DE9 /* Base */,
			);
			name = LaunchScreen.storyboard;
			sourceTree = "<group>";
		};
/* End PBXVariantGroup section */

/* Begin XCBuildConfiguration section */
		626A62B320C7598400B92DE9 /* Debug */ = {
			isa = XCBuildConfiguration;
			buildSettings = {
				ALWAYS_SEARCH_USER_PATHS = NO;
				CLANG_ANALYZER_NONNULL = YES;
				CLANG_ANALYZER_NUMBER_OBJECT_CONVERSION = YES_AGGRESSIVE;
				CLANG_CXX_LANGUAGE_STANDARD = "gnu++14";
				CLANG_CXX_LIBRARY = "libc++";
				CLANG_ENABLE_MODULES = YES;
				CLANG_ENABLE_OBJC_ARC = YES;
				CLANG_ENABLE_OBJC_WEAK = YES;
				CLANG_WARN_BLOCK_CAPTURE_AUTORELEASING = YES;
				CLANG_WARN_BOOL_CONVERSION = YES;
				CLANG_WARN_COMMA = YES;
				CLANG_WARN_CONSTANT_CONVERSION = YES;
				CLANG_WARN_DEPRECATED_OBJC_IMPLEMENTATIONS = YES;
				CLANG_WARN_DIRECT_OBJC_ISA_USAGE = YES_ERROR;
				CLANG_WARN_DOCUMENTATION_COMMENTS = YES;
				CLANG_WARN_EMPTY_BODY = YES;
				CLANG_WARN_ENUM_CONVERSION = YES;
				CLANG_WARN_INFINITE_RECURSION = YES;
				CLANG_WARN_INT_CONVERSION = YES;
				CLANG_WARN_NON_LITERAL_NULL_CONVERSION = YES;
				CLANG_WARN_OBJC_IMPLICIT_RETAIN_SELF = YES;
				CLANG_WARN_OBJC_LITERAL_CONVERSION = YES;
				CLANG_WARN_OBJC_ROOT_CLASS = YES_ERROR;
				CLANG_WARN_RANGE_LOOP_ANALYSIS = YES;
				CLANG_WARN_STRICT_PROTOTYPES = YES;
				CLANG_WARN_SUSPICIOUS_MOVE = YES;
				CLANG_WARN_UNGUARDED_AVAILABILITY = YES_AGGRESSIVE;
				CLANG_WARN_UNREACHABLE_CODE = YES;
				CLANG_WARN__DUPLICATE_METHOD_MATCH = YES;
				CODE_SIGN_IDENTITY = "iPhone Developer";
				COPY_PHASE_STRIP = NO;
				DEBUG_INFORMATION_FORMAT = dwarf;
				ENABLE_STRICT_OBJC_MSGSEND = YES;
				ENABLE_TESTABILITY = YES;
				GCC_C_LANGUAGE_STANDARD = gnu11;
				GCC_DYNAMIC_NO_PIC = NO;
				GCC_NO_COMMON_BLOCKS = YES;
				GCC_OPTIMIZATION_LEVEL = 0;
				GCC_PREPROCESSOR_DEFINITIONS = (
					"DEBUG=1",
					"$(inherited)",
				);
				GCC_WARN_64_TO_32_BIT_CONVERSION = YES;
				GCC_WARN_ABOUT_RETURN_TYPE = YES_ERROR;
				GCC_WARN_UNDECLARED_SELECTOR = YES;
				GCC_WARN_UNINITIALIZED_AUTOS = YES_AGGRESSIVE;
				GCC_WARN_UNUSED_FUNCTION = YES;
				GCC_WARN_UNUSED_VARIABLE = YES;
				IPHONEOS_DEPLOYMENT_TARGET = 11.4;
				MTL_ENABLE_DEBUG_INFO = YES;
				ONLY_ACTIVE_ARCH = YES;
				SDKROOT = iphoneos;
				SWIFT_ACTIVE_COMPILATION_CONDITIONS = DEBUG;
				SWIFT_OPTIMIZATION_LEVEL = "-Onone";
			};
			name = Debug;
		};
		626A62B420C7598400B92DE9 /* Release */ = {
			isa = XCBuildConfiguration;
			buildSettings = {
				ALWAYS_SEARCH_USER_PATHS = NO;
				CLANG_ANALYZER_NONNULL = YES;
				CLANG_ANALYZER_NUMBER_OBJECT_CONVERSION = YES_AGGRESSIVE;
				CLANG_CXX_LANGUAGE_STANDARD = "gnu++14";
				CLANG_CXX_LIBRARY = "libc++";
				CLANG_ENABLE_MODULES = YES;
				CLANG_ENABLE_OBJC_ARC = YES;
				CLANG_ENABLE_OBJC_WEAK = YES;
				CLANG_WARN_BLOCK_CAPTURE_AUTORELEASING = YES;
				CLANG_WARN_BOOL_CONVERSION = YES;
				CLANG_WARN_COMMA = YES;
				CLANG_WARN_CONSTANT_CONVERSION = YES;
				CLANG_WARN_DEPRECATED_OBJC_IMPLEMENTATIONS = YES;
				CLANG_WARN_DIRECT_OBJC_ISA_USAGE = YES_ERROR;
				CLANG_WARN_DOCUMENTATION_COMMENTS = YES;
				CLANG_WARN_EMPTY_BODY = YES;
				CLANG_WARN_ENUM_CONVERSION = YES;
				CLANG_WARN_INFINITE_RECURSION = YES;
				CLANG_WARN_INT_CONVERSION = YES;
				CLANG_WARN_NON_LITERAL_NULL_CONVERSION = YES;
				CLANG_WARN_OBJC_IMPLICIT_RETAIN_SELF = YES;
				CLANG_WARN_OBJC_LITERAL_CONVERSION = YES;
				CLANG_WARN_OBJC_ROOT_CLASS = YES_ERROR;
				CLANG_WARN_RANGE_LOOP_ANALYSIS = YES;
				CLANG_WARN_STRICT_PROTOTYPES = YES;
				CLANG_WARN_SUSPICIOUS_MOVE = YES;
				CLANG_WARN_UNGUARDED_AVAILABILITY = YES_AGGRESSIVE;
				CLANG_WARN_UNREACHABLE_CODE = YES;
				CLANG_WARN__DUPLICATE_METHOD_MATCH = YES;
				CODE_SIGN_IDENTITY = "iPhone Developer";
				COPY_PHASE_STRIP = NO;
				DEBUG_INFORMATION_FORMAT = "dwarf-with-dsym";
				ENABLE_NS_ASSERTIONS = NO;
				ENABLE_STRICT_OBJC_MSGSEND = YES;
				GCC_C_LANGUAGE_STANDARD = gnu11;
				GCC_NO_COMMON_BLOCKS = YES;
				GCC_WARN_64_TO_32_BIT_CONVERSION = YES;
				GCC_WARN_ABOUT_RETURN_TYPE = YES_ERROR;
				GCC_WARN_UNDECLARED_SELECTOR = YES;
				GCC_WARN_UNINITIALIZED_AUTOS = YES_AGGRESSIVE;
				GCC_WARN_UNUSED_FUNCTION = YES;
				GCC_WARN_UNUSED_VARIABLE = YES;
				IPHONEOS_DEPLOYMENT_TARGET = 11.4;
				MTL_ENABLE_DEBUG_INFO = NO;
				SDKROOT = iphoneos;
				SWIFT_COMPILATION_MODE = wholemodule;
				SWIFT_OPTIMIZATION_LEVEL = "-O";
				VALIDATE_PRODUCT = YES;
			};
			name = Release;
		};
		626A62B620C7598400B92DE9 /* Debug */ = {
			isa = XCBuildConfiguration;
			buildSettings = {
				ASSETCATALOG_COMPILER_APPICON_NAME = AppIcon;
				CODE_SIGN_ENTITLEMENTS = Aqua/Aqua.entitlements;
				CODE_SIGN_STYLE = Automatic;
				DEVELOPMENT_TEAM = 54NHTWEE59;
				INFOPLIST_FILE = Aqua/Info.plist;
				LD_RUNPATH_SEARCH_PATHS = (
					"$(inherited)",
					"@executable_path/Frameworks",
				);
				PRODUCT_BUNDLE_IDENTIFIER = rramanuj.Aqua;
				PRODUCT_NAME = "$(TARGET_NAME)";
				SWIFT_VERSION = 4.0;
				TARGETED_DEVICE_FAMILY = "1,2";
			};
			name = Debug;
		};
		626A62B720C7598400B92DE9 /* Release */ = {
			isa = XCBuildConfiguration;
			buildSettings = {
				ASSETCATALOG_COMPILER_APPICON_NAME = AppIcon;
				CODE_SIGN_ENTITLEMENTS = Aqua/Aqua.entitlements;
				CODE_SIGN_STYLE = Automatic;
				DEVELOPMENT_TEAM = 54NHTWEE59;
				INFOPLIST_FILE = Aqua/Info.plist;
				LD_RUNPATH_SEARCH_PATHS = (
					"$(inherited)",
					"@executable_path/Frameworks",
				);
				PRODUCT_BUNDLE_IDENTIFIER = rramanuj.Aqua;
				PRODUCT_NAME = "$(TARGET_NAME)";
				SWIFT_VERSION = 4.0;
				TARGETED_DEVICE_FAMILY = "1,2";
			};
			name = Release;
		};
		626A62B920C7598400B92DE9 /* Debug */ = {
			isa = XCBuildConfiguration;
			buildSettings = {
				ALWAYS_EMBED_SWIFT_STANDARD_LIBRARIES = YES;
				BUNDLE_LOADER = "$(TEST_HOST)";
				CODE_SIGN_STYLE = Automatic;
				DEVELOPMENT_TEAM = 54NHTWEE59;
				INFOPLIST_FILE = AquaTests/Info.plist;
				LD_RUNPATH_SEARCH_PATHS = (
					"$(inherited)",
					"@executable_path/Frameworks",
					"@loader_path/Frameworks",
				);
				PRODUCT_BUNDLE_IDENTIFIER = rramanuj.AquaTests;
				PRODUCT_NAME = "$(TARGET_NAME)";
				SWIFT_VERSION = 4.0;
				TARGETED_DEVICE_FAMILY = "1,2";
				TEST_HOST = "$(BUILT_PRODUCTS_DIR)/Aqua.app/Aqua";
			};
			name = Debug;
		};
		626A62BA20C7598400B92DE9 /* Release */ = {
			isa = XCBuildConfiguration;
			buildSettings = {
				ALWAYS_EMBED_SWIFT_STANDARD_LIBRARIES = YES;
				BUNDLE_LOADER = "$(TEST_HOST)";
				CODE_SIGN_STYLE = Automatic;
				DEVELOPMENT_TEAM = 54NHTWEE59;
				INFOPLIST_FILE = AquaTests/Info.plist;
				LD_RUNPATH_SEARCH_PATHS = (
					"$(inherited)",
					"@executable_path/Frameworks",
					"@loader_path/Frameworks",
				);
				PRODUCT_BUNDLE_IDENTIFIER = rramanuj.AquaTests;
				PRODUCT_NAME = "$(TARGET_NAME)";
				SWIFT_VERSION = 4.0;
				TARGETED_DEVICE_FAMILY = "1,2";
				TEST_HOST = "$(BUILT_PRODUCTS_DIR)/Aqua.app/Aqua";
			};
			name = Release;
		};
		626A62BC20C7598400B92DE9 /* Debug */ = {
			isa = XCBuildConfiguration;
			buildSettings = {
				ALWAYS_EMBED_SWIFT_STANDARD_LIBRARIES = YES;
				CODE_SIGN_STYLE = Automatic;
				DEVELOPMENT_TEAM = 54NHTWEE59;
				INFOPLIST_FILE = AquaUITests/Info.plist;
				LD_RUNPATH_SEARCH_PATHS = (
					"$(inherited)",
					"@executable_path/Frameworks",
					"@loader_path/Frameworks",
				);
				PRODUCT_BUNDLE_IDENTIFIER = rramanuj.AquaUITests;
				PRODUCT_NAME = "$(TARGET_NAME)";
				SWIFT_VERSION = 4.0;
				TARGETED_DEVICE_FAMILY = "1,2";
				TEST_TARGET_NAME = Aqua;
			};
			name = Debug;
		};
		626A62BD20C7598400B92DE9 /* Release */ = {
			isa = XCBuildConfiguration;
			buildSettings = {
				ALWAYS_EMBED_SWIFT_STANDARD_LIBRARIES = YES;
				CODE_SIGN_STYLE = Automatic;
				DEVELOPMENT_TEAM = 54NHTWEE59;
				INFOPLIST_FILE = AquaUITests/Info.plist;
				LD_RUNPATH_SEARCH_PATHS = (
					"$(inherited)",
					"@executable_path/Frameworks",
					"@loader_path/Frameworks",
				);
				PRODUCT_BUNDLE_IDENTIFIER = rramanuj.AquaUITests;
				PRODUCT_NAME = "$(TARGET_NAME)";
				SWIFT_VERSION = 4.0;
				TARGETED_DEVICE_FAMILY = "1,2";
				TEST_TARGET_NAME = Aqua;
			};
			name = Release;
		};
/* End XCBuildConfiguration section */

/* Begin XCConfigurationList section */
		626A628820C7598200B92DE9 /* Build configuration list for PBXProject "Aqua" */ = {
			isa = XCConfigurationList;
			buildConfigurations = (
				626A62B320C7598400B92DE9 /* Debug */,
				626A62B420C7598400B92DE9 /* Release */,
			);
			defaultConfigurationIsVisible = 0;
			defaultConfigurationName = Release;
		};
		626A62B520C7598400B92DE9 /* Build configuration list for PBXNativeTarget "Aqua" */ = {
			isa = XCConfigurationList;
			buildConfigurations = (
				626A62B620C7598400B92DE9 /* Debug */,
				626A62B720C7598400B92DE9 /* Release */,
			);
			defaultConfigurationIsVisible = 0;
			defaultConfigurationName = Release;
		};
		626A62B820C7598400B92DE9 /* Build configuration list for PBXNativeTarget "AquaTests" */ = {
			isa = XCConfigurationList;
			buildConfigurations = (
				626A62B920C7598400B92DE9 /* Debug */,
				626A62BA20C7598400B92DE9 /* Release */,
			);
			defaultConfigurationIsVisible = 0;
			defaultConfigurationName = Release;
		};
		626A62BB20C7598400B92DE9 /* Build configuration list for PBXNativeTarget "AquaUITests" */ = {
			isa = XCConfigurationList;
			buildConfigurations = (
				626A62BC20C7598400B92DE9 /* Debug */,
				626A62BD20C7598400B92DE9 /* Release */,
			);
			defaultConfigurationIsVisible = 0;
			defaultConfigurationName = Release;
		};
/* End XCConfigurationList section */
	};
	rootObject = 626A628520C7598200B92DE9 /* Project object */;
}
